
Microsoft Visual Studio Solution File, Format Version 12.00
# Visual Studio 15
VisualStudioVersion = 15.0.28307.421
MinimumVisualStudioVersion = 10.0.40219.1
Project("{FAE04EC0-301F-11D3-BF4B-00C04F79EFBC}") = "WpfApp1908401", "WpfApp1908401\WpfApp1908401.csproj", "{E274E818-A4D7-4212-BA1B-484AFAA40852}"
EndProject
Project("{FAE04EC0-301F-11D3-BF4B-00C04F79EFBC}") = "Tagging", "Tagging\Tagging.csproj", "{C7A56858-3FC7-40B6-B439-DD59EA25C7A5}"
EndProject
Global
	GlobalSection(SolutionConfigurationPlatforms) = preSolution
		Debug|Any CPU = Debug|Any CPU
		Release|Any CPU = Release|Any CPU
	EndGlobalSection
	GlobalSection(ProjectConfigurationPlatforms) = postSolution
		{E274E818-A4D7-4212-BA1B-484AFAA40852}.Debug|Any CPU.ActiveCfg = Debug|Any CPU
		{E274E818-A4D7-4212-BA1B-484AFAA40852}.Debug|Any CPU.Build.0 = Debug|Any CPU
		{E274E818-A4D7-4212-BA1B-484AFAA40852}.Release|Any CPU.ActiveCfg = Release|Any CPU
		{E274E818-A4D7-4212-BA1B-484AFAA40852}.Release|Any CPU.Build.0 = Release|Any CPU
		{C7A56858-3FC7-40B6-B439-DD59EA25C7A5}.Debug|Any CPU.ActiveCfg = Debug|Any CPU
		{C7A56858-3FC7-40B6-B439-DD59EA25C7A5}.Debug|Any CPU.Build.0 = Debug|Any CPU
		{C7A56858-3FC7-40B6-B439-DD59EA25C7A5}.Release|Any CPU.ActiveCfg = Release|Any CPU
		{C7A56858-3FC7-40B6-B439-DD59EA25C7A5}.Release|Any CPU.Build.0 = Release|Any CPU
	EndGlobalSection
	GlobalSection(SolutionProperties) = preSolution
		HideSolutionNode = FALSE
	EndGlobalSection
	GlobalSection(ExtensibilityGlobals) = postSolution
		SolutionGuid = {45A1F170-9585-4877-A8ED-6DF9B8EAD641}
	EndGlobalSection
EndGlobal
